
Microsoft Visual Studio Solution File, Format Version 12.00
# Visual Studio Version 17
VisualStudioVersion = 17.14.36202.13
MinimumVisualStudioVersion = 10.0.40219.1
Project("{FAE04EC0-301F-11D3-BF4B-00C04F79EFBC}") = "CarteAuxTresorsNETFramework48", "CarteAuxTresorsNETFramework48.csproj", "{58937D0F-DC84-4F12-856E-6E62555A0272}"
EndProject
Project("{FAE04EC0-301F-11D3-BF4B-00C04F79EFBC}") = "CarteAuxTresorsNETFramework48.Tests", "..\CarteAuxTresorsNETFramework48.Tests\CarteAuxTresorsNETFramework48.Tests.csproj", "{3364CB34-C489-4752-915B-02AF4864C0E3}"
EndProject
Global
	GlobalSection(SolutionConfigurationPlatforms) = preSolution
		Debug|Any CPU = Debug|Any CPU
		Release|Any CPU = Release|Any CPU
	EndGlobalSection
	GlobalSection(ProjectConfigurationPlatforms) = postSolution
		{58937D0F-DC84-4F12-856E-6E62555A0272}.Debug|Any CPU.ActiveCfg = Debug|Any CPU
		{58937D0F-DC84-4F12-856E-6E62555A0272}.Debug|Any CPU.Build.0 = Debug|Any CPU
		{58937D0F-DC84-4F12-856E-6E62555A0272}.Release|Any CPU.ActiveCfg = Release|Any CPU
		{58937D0F-DC84-4F12-856E-6E62555A0272}.Release|Any CPU.Build.0 = Release|Any CPU
		{3364CB34-C489-4752-915B-02AF4864C0E3}.Debug|Any CPU.ActiveCfg = Debug|Any CPU
		{3364CB34-C489-4752-915B-02AF4864C0E3}.Debug|Any CPU.Build.0 = Debug|Any CPU
		{3364CB34-C489-4752-915B-02AF4864C0E3}.Release|Any CPU.ActiveCfg = Release|Any CPU
		{3364CB34-C489-4752-915B-02AF4864C0E3}.Release|Any CPU.Build.0 = Release|Any CPU
	EndGlobalSection
	GlobalSection(SolutionProperties) = preSolution
		HideSolutionNode = FALSE
	EndGlobalSection
	GlobalSection(ExtensibilityGlobals) = postSolution
		SolutionGuid = {80C96940-8BF8-461F-8554-B8BF49B48615}
	EndGlobalSection
EndGlobal
